
Microsoft Visual Studio Solution File, Format Version 12.00
# Visual Studio Version 16
VisualStudioVersion = 16.0.29324.140
MinimumVisualStudioVersion = 10.0.40219.1
Project("{FAE04EC0-301F-11D3-BF4B-00C04F79EFBC}") = "cus3_v2", "cus3_v2\cus3_v2.csproj", "{76E95884-390F-44EC-B8DE-28112713BE8C}"
EndProject
Global
	GlobalSection(SolutionConfigurationPlatforms) = preSolution
		Debug|Any CPU = Debug|Any CPU
		Release|Any CPU = Release|Any CPU
	EndGlobalSection
	GlobalSection(ProjectConfigurationPlatforms) = postSolution
		{76E95884-390F-44EC-B8DE-28112713BE8C}.Debug|Any CPU.ActiveCfg = Debug|Any CPU
		{76E95884-390F-44EC-B8DE-28112713BE8C}.Debug|Any CPU.Build.0 = Debug|Any CPU
		{76E95884-390F-44EC-B8DE-28112713BE8C}.Release|Any CPU.ActiveCfg = Release|Any CPU
		{76E95884-390F-44EC-B8DE-28112713BE8C}.Release|Any CPU.Build.0 = Release|Any CPU
	EndGlobalSection
	GlobalSection(SolutionProperties) = preSolution
		HideSolutionNode = FALSE
	EndGlobalSection
	GlobalSection(ExtensibilityGlobals) = postSolution
		SolutionGuid = {059ABA1B-8BF6-4F2D-AD83-04F056189CBE}
	EndGlobalSection
EndGlobal
